
Microsoft Visual Studio Solution File, Format Version 12.00
# Visual Studio Version 17
VisualStudioVersion = 17.11.35327.3
MinimumVisualStudioVersion = 10.0.40219.1
Project("{9A19103F-16F7-4668-BE54-9A1E7A4F7556}") = "GeoMarker.Api", "ApiGeoMarker\GeoMarker.Api.csproj", "{E6559F42-1D8E-4EDE-BD13-6F0D77BB78F5}"
EndProject
Project("{9A19103F-16F7-4668-BE54-9A1E7A4F7556}") = "GeoMarker.Domain", "GeoMarker.Domain\GeoMarker.Domain.csproj", "{5E0EE229-4CD9-478F-BC20-52E74F14D862}"
EndProject
Project("{9A19103F-16F7-4668-BE54-9A1E7A4F7556}") = "GeoMarker.Application", "GeoMarker.Application\GeoMarker.Application.csproj", "{7E98293B-97E5-44FB-A161-7A0277E1C07F}"
EndProject
Project("{9A19103F-16F7-4668-BE54-9A1E7A4F7556}") = "GeoMarker.Infrastructure", "GeoMarker.Infrastructure\GeoMarker.Infrastructure.csproj", "{252F414E-B4DF-43A9-AFE8-1F5799D4D64A}"
EndProject
Project("{2150E333-8FDC-42A3-9474-1A3956D46DE8}") = "Core", "Core", "{7C0B1442-A113-4509-BC89-9C8ECB87B4C9}"
EndProject
Project("{2150E333-8FDC-42A3-9474-1A3956D46DE8}") = "Infrastructure", "Infrastructure", "{6863D0E7-D61D-4A12-9B65-2ABE3C89723A}"
EndProject
Project("{2150E333-8FDC-42A3-9474-1A3956D46DE8}") = "Presentation", "Presentation", "{D3D4D050-1A1A-4525-A5B2-6F6070F8FE83}"
EndProject
Global
	GlobalSection(SolutionConfigurationPlatforms) = preSolution
		Debug|Any CPU = Debug|Any CPU
		Release|Any CPU = Release|Any CPU
	EndGlobalSection
	GlobalSection(ProjectConfigurationPlatforms) = postSolution
		{E6559F42-1D8E-4EDE-BD13-6F0D77BB78F5}.Debug|Any CPU.ActiveCfg = Debug|Any CPU
		{E6559F42-1D8E-4EDE-BD13-6F0D77BB78F5}.Debug|Any CPU.Build.0 = Debug|Any CPU
		{E6559F42-1D8E-4EDE-BD13-6F0D77BB78F5}.Release|Any CPU.ActiveCfg = Release|Any CPU
		{E6559F42-1D8E-4EDE-BD13-6F0D77BB78F5}.Release|Any CPU.Build.0 = Release|Any CPU
		{5E0EE229-4CD9-478F-BC20-52E74F14D862}.Debug|Any CPU.ActiveCfg = Debug|Any CPU
		{5E0EE229-4CD9-478F-BC20-52E74F14D862}.Debug|Any CPU.Build.0 = Debug|Any CPU
		{5E0EE229-4CD9-478F-BC20-52E74F14D862}.Release|Any CPU.ActiveCfg = Release|Any CPU
		{5E0EE229-4CD9-478F-BC20-52E74F14D862}.Release|Any CPU.Build.0 = Release|Any CPU
		{7E98293B-97E5-44FB-A161-7A0277E1C07F}.Debug|Any CPU.ActiveCfg = Debug|Any CPU
		{7E98293B-97E5-44FB-A161-7A0277E1C07F}.Debug|Any CPU.Build.0 = Debug|Any CPU
		{7E98293B-97E5-44FB-A161-7A0277E1C07F}.Release|Any CPU.ActiveCfg = Release|Any CPU
		{7E98293B-97E5-44FB-A161-7A0277E1C07F}.Release|Any CPU.Build.0 = Release|Any CPU
		{252F414E-B4DF-43A9-AFE8-1F5799D4D64A}.Debug|Any CPU.ActiveCfg = Debug|Any CPU
		{252F414E-B4DF-43A9-AFE8-1F5799D4D64A}.Debug|Any CPU.Build.0 = Debug|Any CPU
		{252F414E-B4DF-43A9-AFE8-1F5799D4D64A}.Release|Any CPU.ActiveCfg = Release|Any CPU
		{252F414E-B4DF-43A9-AFE8-1F5799D4D64A}.Release|Any CPU.Build.0 = Release|Any CPU
	EndGlobalSection
	GlobalSection(SolutionProperties) = preSolution
		HideSolutionNode = FALSE
	EndGlobalSection
	GlobalSection(NestedProjects) = preSolution
		{E6559F42-1D8E-4EDE-BD13-6F0D77BB78F5} = {D3D4D050-1A1A-4525-A5B2-6F6070F8FE83}
		{5E0EE229-4CD9-478F-BC20-52E74F14D862} = {7C0B1442-A113-4509-BC89-9C8ECB87B4C9}
		{7E98293B-97E5-44FB-A161-7A0277E1C07F} = {7C0B1442-A113-4509-BC89-9C8ECB87B4C9}
		{252F414E-B4DF-43A9-AFE8-1F5799D4D64A} = {6863D0E7-D61D-4A12-9B65-2ABE3C89723A}
	EndGlobalSection
	GlobalSection(ExtensibilityGlobals) = postSolution
		SolutionGuid = {4094BBC7-ACEF-4F65-B1B4-94504FE1D5C4}
	EndGlobalSection
EndGlobal
